
Microsoft Visual Studio Solution File, Format Version 12.00
# Visual Studio Version 17
VisualStudioVersion = 17.10.35013.160
MinimumVisualStudioVersion = 10.0.40219.1
Project("{FAE04EC0-301F-11D3-BF4B-00C04F79EFBC}") = "Fibonacci_Series", "Fibonacci_Series\Fibonacci_Series.csproj", "{DAF43425-B300-458B-A6FD-6C0F025D8C7F}"
EndProject
Global
	GlobalSection(SolutionConfigurationPlatforms) = preSolution
		Debug|Any CPU = Debug|Any CPU
		Release|Any CPU = Release|Any CPU
	EndGlobalSection
	GlobalSection(ProjectConfigurationPlatforms) = postSolution
		{DAF43425-B300-458B-A6FD-6C0F025D8C7F}.Debug|Any CPU.ActiveCfg = Debug|Any CPU
		{DAF43425-B300-458B-A6FD-6C0F025D8C7F}.Debug|Any CPU.Build.0 = Debug|Any CPU
		{DAF43425-B300-458B-A6FD-6C0F025D8C7F}.Release|Any CPU.ActiveCfg = Release|Any CPU
		{DAF43425-B300-458B-A6FD-6C0F025D8C7F}.Release|Any CPU.Build.0 = Release|Any CPU
	EndGlobalSection
	GlobalSection(SolutionProperties) = preSolution
		HideSolutionNode = FALSE
	EndGlobalSection
	GlobalSection(ExtensibilityGlobals) = postSolution
		SolutionGuid = {468F15A5-CD03-49BB-B123-7196968D7208}
	EndGlobalSection
EndGlobal
